
Microsoft Visual Studio Solution File, Format Version 12.00
# Visual Studio 2013
VisualStudioVersion = 12.0.21005.1
MinimumVisualStudioVersion = 10.0.40219.1
Project("{8BC9CEB8-8B4A-11D0-8D11-00A0C91BC942}") = "Code", "Code\Code.vcxproj", "{03749F2C-1F37-4AEF-A2C9-C9F393C3C5C3}"
EndProject
Global
	GlobalSection(SolutionConfigurationPlatforms) = preSolution
		Debug|Win32 = Debug|Win32
		Release|Win32 = Release|Win32
	EndGlobalSection
	GlobalSection(ProjectConfigurationPlatforms) = postSolution
		{03749F2C-1F37-4AEF-A2C9-C9F393C3C5C3}.Debug|Win32.ActiveCfg = Debug|Win32
		{03749F2C-1F37-4AEF-A2C9-C9F393C3C5C3}.Debug|Win32.Build.0 = Debug|Win32
		{03749F2C-1F37-4AEF-A2C9-C9F393C3C5C3}.Release|Win32.ActiveCfg = Release|Win32
		{03749F2C-1F37-4AEF-A2C9-C9F393C3C5C3}.Release|Win32.Build.0 = Release|Win32
	EndGlobalSection
	GlobalSection(SolutionProperties) = preSolution
		HideSolutionNode = FALSE
	EndGlobalSection
EndGlobal
